
Microsoft Visual Studio Solution File, Format Version 12.00
# Visual Studio Version 17
VisualStudioVersion = 17.13.35931.197 d17.13
MinimumVisualStudioVersion = 10.0.40219.1
Project("{FAE04EC0-301F-11D3-BF4B-00C04F79EFBC}") = "ECommerce.API", "ECommerce.API.csproj", "{15B0CA70-DE13-4CA9-A656-C8B0C8349CC8}"
EndProject
Project("{FAE04EC0-301F-11D3-BF4B-00C04F79EFBC}") = "ECommerce.Application", "..\ECommerce.Application\ECommerce.Application.csproj", "{955C960F-9649-4876-962D-8AE40700D6C3}"
EndProject
Project("{FAE04EC0-301F-11D3-BF4B-00C04F79EFBC}") = "ECommerce.Core", "..\ECommerce.Core\ECommerce.Core.csproj", "{599119FC-38B5-4C76-89B8-C0D2232B50E9}"
EndProject
Project("{FAE04EC0-301F-11D3-BF4B-00C04F79EFBC}") = "ECommerce.Infrastructure", "..\ECommerce.Infrastructure\ECommerce.Infrastructure.csproj", "{26135563-9EBB-4324-933D-6AD592D8FEFC}"
EndProject
Project("{FAE04EC0-301F-11D3-BF4B-00C04F79EFBC}") = "ECommerce.Web", "..\ECommerce.Web\ECommerce.Web.csproj", "{1C994AF0-9195-4157-953A-B13697D3331C}"
EndProject
Global
	GlobalSection(SolutionConfigurationPlatforms) = preSolution
		Debug|Any CPU = Debug|Any CPU
		Release|Any CPU = Release|Any CPU
	EndGlobalSection
	GlobalSection(ProjectConfigurationPlatforms) = postSolution
		{15B0CA70-DE13-4CA9-A656-C8B0C8349CC8}.Debug|Any CPU.ActiveCfg = Debug|Any CPU
		{15B0CA70-DE13-4CA9-A656-C8B0C8349CC8}.Debug|Any CPU.Build.0 = Debug|Any CPU
		{15B0CA70-DE13-4CA9-A656-C8B0C8349CC8}.Release|Any CPU.ActiveCfg = Release|Any CPU
		{15B0CA70-DE13-4CA9-A656-C8B0C8349CC8}.Release|Any CPU.Build.0 = Release|Any CPU
		{955C960F-9649-4876-962D-8AE40700D6C3}.Debug|Any CPU.ActiveCfg = Debug|Any CPU
		{955C960F-9649-4876-962D-8AE40700D6C3}.Debug|Any CPU.Build.0 = Debug|Any CPU
		{955C960F-9649-4876-962D-8AE40700D6C3}.Release|Any CPU.ActiveCfg = Release|Any CPU
		{955C960F-9649-4876-962D-8AE40700D6C3}.Release|Any CPU.Build.0 = Release|Any CPU
		{599119FC-38B5-4C76-89B8-C0D2232B50E9}.Debug|Any CPU.ActiveCfg = Debug|Any CPU
		{599119FC-38B5-4C76-89B8-C0D2232B50E9}.Debug|Any CPU.Build.0 = Debug|Any CPU
		{599119FC-38B5-4C76-89B8-C0D2232B50E9}.Release|Any CPU.ActiveCfg = Release|Any CPU
		{599119FC-38B5-4C76-89B8-C0D2232B50E9}.Release|Any CPU.Build.0 = Release|Any CPU
		{26135563-9EBB-4324-933D-6AD592D8FEFC}.Debug|Any CPU.ActiveCfg = Debug|Any CPU
		{26135563-9EBB-4324-933D-6AD592D8FEFC}.Debug|Any CPU.Build.0 = Debug|Any CPU
		{26135563-9EBB-4324-933D-6AD592D8FEFC}.Release|Any CPU.ActiveCfg = Release|Any CPU
		{26135563-9EBB-4324-933D-6AD592D8FEFC}.Release|Any CPU.Build.0 = Release|Any CPU
		{1C994AF0-9195-4157-953A-B13697D3331C}.Debug|Any CPU.ActiveCfg = Debug|Any CPU
		{1C994AF0-9195-4157-953A-B13697D3331C}.Debug|Any CPU.Build.0 = Debug|Any CPU
		{1C994AF0-9195-4157-953A-B13697D3331C}.Release|Any CPU.ActiveCfg = Release|Any CPU
		{1C994AF0-9195-4157-953A-B13697D3331C}.Release|Any CPU.Build.0 = Release|Any CPU
	EndGlobalSection
	GlobalSection(SolutionProperties) = preSolution
		HideSolutionNode = FALSE
	EndGlobalSection
	GlobalSection(ExtensibilityGlobals) = postSolution
		SolutionGuid = {B53E5E10-96D5-4369-ADCF-79C687E41744}
	EndGlobalSection
EndGlobal
